
Microsoft Visual Studio Solution File, Format Version 12.00
# Visual Studio Version 17
VisualStudioVersion = 17.14.36203.30 d17.14
MinimumVisualStudioVersion = 10.0.40219.1
Project("{FAE04EC0-301F-11D3-BF4B-00C04F79EFBC}") = "Labo03-Environments", "Labo03-Environments\Labo03-Environments.csproj", "{14F0156A-F478-4F88-9D81-8C8BBD75C473}"
EndProject
Global
	GlobalSection(SolutionConfigurationPlatforms) = preSolution
		Debug|Any CPU = Debug|Any CPU
		Release|Any CPU = Release|Any CPU
	EndGlobalSection
	GlobalSection(ProjectConfigurationPlatforms) = postSolution
		{14F0156A-F478-4F88-9D81-8C8BBD75C473}.Debug|Any CPU.ActiveCfg = Debug|Any CPU
		{14F0156A-F478-4F88-9D81-8C8BBD75C473}.Debug|Any CPU.Build.0 = Debug|Any CPU
		{14F0156A-F478-4F88-9D81-8C8BBD75C473}.Release|Any CPU.ActiveCfg = Release|Any CPU
		{14F0156A-F478-4F88-9D81-8C8BBD75C473}.Release|Any CPU.Build.0 = Release|Any CPU
	EndGlobalSection
	GlobalSection(SolutionProperties) = preSolution
		HideSolutionNode = FALSE
	EndGlobalSection
	GlobalSection(ExtensibilityGlobals) = postSolution
		SolutionGuid = {438EAAFC-E1C5-4F14-AB6A-5E36138C9F88}
	EndGlobalSection
EndGlobal
