
Microsoft Visual Studio Solution File, Format Version 12.00
# Visual Studio Version 17
VisualStudioVersion = 17.14.36203.30 d17.14
MinimumVisualStudioVersion = 10.0.40219.1
Project("{FAE04EC0-301F-11D3-BF4B-00C04F79EFBC}") = "Labo02-RestaurantMinimalAPI", "Labo02-RestaurantMinimalAPI\Labo02-RestaurantMinimalAPI.csproj", "{5B8D6B44-7541-49C6-8D8E-E623B131414B}"
EndProject
Global
	GlobalSection(SolutionConfigurationPlatforms) = preSolution
		Debug|Any CPU = Debug|Any CPU
		Release|Any CPU = Release|Any CPU
	EndGlobalSection
	GlobalSection(ProjectConfigurationPlatforms) = postSolution
		{5B8D6B44-7541-49C6-8D8E-E623B131414B}.Debug|Any CPU.ActiveCfg = Debug|Any CPU
		{5B8D6B44-7541-49C6-8D8E-E623B131414B}.Debug|Any CPU.Build.0 = Debug|Any CPU
		{5B8D6B44-7541-49C6-8D8E-E623B131414B}.Release|Any CPU.ActiveCfg = Release|Any CPU
		{5B8D6B44-7541-49C6-8D8E-E623B131414B}.Release|Any CPU.Build.0 = Release|Any CPU
	EndGlobalSection
	GlobalSection(SolutionProperties) = preSolution
		HideSolutionNode = FALSE
	EndGlobalSection
	GlobalSection(ExtensibilityGlobals) = postSolution
		SolutionGuid = {3F6A08AA-90C1-488E-B37F-239E940D53C9}
	EndGlobalSection
EndGlobal
