
Microsoft Visual Studio Solution File, Format Version 12.00
# Visual Studio Version 17
VisualStudioVersion = 17.14.36203.30 d17.14
MinimumVisualStudioVersion = 10.0.40219.1
Project("{FAE04EC0-301F-11D3-BF4B-00C04F79EFBC}") = "Labo02-RestaurantServiceDI", "Labo02-RestaurantServiceDI\Labo02-RestaurantServiceDI.csproj", "{DED2D48A-AF44-4962-A7F5-A5E0DABA41FB}"
EndProject
Global
	GlobalSection(SolutionConfigurationPlatforms) = preSolution
		Debug|Any CPU = Debug|Any CPU
		Release|Any CPU = Release|Any CPU
	EndGlobalSection
	GlobalSection(ProjectConfigurationPlatforms) = postSolution
		{DED2D48A-AF44-4962-A7F5-A5E0DABA41FB}.Debug|Any CPU.ActiveCfg = Debug|Any CPU
		{DED2D48A-AF44-4962-A7F5-A5E0DABA41FB}.Debug|Any CPU.Build.0 = Debug|Any CPU
		{DED2D48A-AF44-4962-A7F5-A5E0DABA41FB}.Release|Any CPU.ActiveCfg = Release|Any CPU
		{DED2D48A-AF44-4962-A7F5-A5E0DABA41FB}.Release|Any CPU.Build.0 = Release|Any CPU
	EndGlobalSection
	GlobalSection(SolutionProperties) = preSolution
		HideSolutionNode = FALSE
	EndGlobalSection
	GlobalSection(ExtensibilityGlobals) = postSolution
		SolutionGuid = {F8A68FD4-42B3-40C8-B196-67D2B723F617}
	EndGlobalSection
EndGlobal
