
Microsoft Visual Studio Solution File, Format Version 12.00
# Visual Studio Version 17
VisualStudioVersion = 17.14.36203.30 d17.14
MinimumVisualStudioVersion = 10.0.40219.1
Project("{FAE04EC0-301F-11D3-BF4B-00C04F79EFBC}") = "ProjectAnimalWorld", "ProjectAnimalWorld\ProjectAnimalWorld.csproj", "{026EC4BE-30FA-4BCE-A923-A11C773573AB}"
EndProject
Global
	GlobalSection(SolutionConfigurationPlatforms) = preSolution
		Debug|Any CPU = Debug|Any CPU
		Release|Any CPU = Release|Any CPU
	EndGlobalSection
	GlobalSection(ProjectConfigurationPlatforms) = postSolution
		{026EC4BE-30FA-4BCE-A923-A11C773573AB}.Debug|Any CPU.ActiveCfg = Debug|Any CPU
		{026EC4BE-30FA-4BCE-A923-A11C773573AB}.Debug|Any CPU.Build.0 = Debug|Any CPU
		{026EC4BE-30FA-4BCE-A923-A11C773573AB}.Release|Any CPU.ActiveCfg = Release|Any CPU
		{026EC4BE-30FA-4BCE-A923-A11C773573AB}.Release|Any CPU.Build.0 = Release|Any CPU
	EndGlobalSection
	GlobalSection(SolutionProperties) = preSolution
		HideSolutionNode = FALSE
	EndGlobalSection
	GlobalSection(ExtensibilityGlobals) = postSolution
		SolutionGuid = {FC0AC6F2-9767-44DA-8140-B6ED57B5FB6A}
	EndGlobalSection
EndGlobal
