
Microsoft Visual Studio Solution File, Format Version 12.00
# Visual Studio Version 17
VisualStudioVersion = 17.14.36203.30 d17.14
MinimumVisualStudioVersion = 10.0.40219.1
Project("{FAE04EC0-301F-11D3-BF4B-00C04F79EFBC}") = "TussentijdseToets-Ismail-Khizirov", "TussentijdseToets-Ismail-Khizirov\TussentijdseToets-Ismail-Khizirov.csproj", "{67FA8307-1BED-4F29-9439-621EE18A0B25}"
EndProject
Global
	GlobalSection(SolutionConfigurationPlatforms) = preSolution
		Debug|Any CPU = Debug|Any CPU
		Release|Any CPU = Release|Any CPU
	EndGlobalSection
	GlobalSection(ProjectConfigurationPlatforms) = postSolution
		{67FA8307-1BED-4F29-9439-621EE18A0B25}.Debug|Any CPU.ActiveCfg = Debug|Any CPU
		{67FA8307-1BED-4F29-9439-621EE18A0B25}.Debug|Any CPU.Build.0 = Debug|Any CPU
		{67FA8307-1BED-4F29-9439-621EE18A0B25}.Release|Any CPU.ActiveCfg = Release|Any CPU
		{67FA8307-1BED-4F29-9439-621EE18A0B25}.Release|Any CPU.Build.0 = Release|Any CPU
	EndGlobalSection
	GlobalSection(SolutionProperties) = preSolution
		HideSolutionNode = FALSE
	EndGlobalSection
	GlobalSection(ExtensibilityGlobals) = postSolution
		SolutionGuid = {BB7B55E4-FCED-4D71-B2AF-BE07702B0D3A}
	EndGlobalSection
EndGlobal
